
Microsoft Visual Studio Solution File, Format Version 12.00
# Visual Studio Version 17
VisualStudioVersion = 17.1.32421.90
MinimumVisualStudioVersion = 10.0.40219.1
Project("{FAE04EC0-301F-11D3-BF4B-00C04F79EFBC}") = "SistemaLogin", "SistemaLogin.csproj", "{DBBC9BE8-91CC-4605-8005-C99F4B9C1371}"
EndProject
Global
	GlobalSection(SolutionConfigurationPlatforms) = preSolution
		Debug|Any CPU = Debug|Any CPU
		Release|Any CPU = Release|Any CPU
	EndGlobalSection
	GlobalSection(ProjectConfigurationPlatforms) = postSolution
		{DBBC9BE8-91CC-4605-8005-C99F4B9C1371}.Debug|Any CPU.ActiveCfg = Debug|Any CPU
		{DBBC9BE8-91CC-4605-8005-C99F4B9C1371}.Debug|Any CPU.Build.0 = Debug|Any CPU
		{DBBC9BE8-91CC-4605-8005-C99F4B9C1371}.Release|Any CPU.ActiveCfg = Release|Any CPU
		{DBBC9BE8-91CC-4605-8005-C99F4B9C1371}.Release|Any CPU.Build.0 = Release|Any CPU
	EndGlobalSection
	GlobalSection(SolutionProperties) = preSolution
		HideSolutionNode = FALSE
	EndGlobalSection
	GlobalSection(ExtensibilityGlobals) = postSolution
		SolutionGuid = {BBA46904-0617-40B2-90BE-9B617C8A1ABA}
	EndGlobalSection
EndGlobal
